
Microsoft Visual Studio Solution File, Format Version 12.00
# Visual Studio Version 17
VisualStudioVersion = 17.3.32804.467
MinimumVisualStudioVersion = 10.0.40219.1
Project("{FAE04EC0-301F-11D3-BF4B-00C04F79EFBC}") = "SistemaVenda", "SistemaVenda\SistemaVenda.csproj", "{C8D6D257-F345-4A48-A85A-176628FC43FA}"
EndProject
Global
	GlobalSection(SolutionConfigurationPlatforms) = preSolution
		Debug|Any CPU = Debug|Any CPU
		Release|Any CPU = Release|Any CPU
	EndGlobalSection
	GlobalSection(ProjectConfigurationPlatforms) = postSolution
		{C8D6D257-F345-4A48-A85A-176628FC43FA}.Debug|Any CPU.ActiveCfg = Debug|Any CPU
		{C8D6D257-F345-4A48-A85A-176628FC43FA}.Debug|Any CPU.Build.0 = Debug|Any CPU
		{C8D6D257-F345-4A48-A85A-176628FC43FA}.Release|Any CPU.ActiveCfg = Release|Any CPU
		{C8D6D257-F345-4A48-A85A-176628FC43FA}.Release|Any CPU.Build.0 = Release|Any CPU
	EndGlobalSection
	GlobalSection(SolutionProperties) = preSolution
		HideSolutionNode = FALSE
	EndGlobalSection
	GlobalSection(ExtensibilityGlobals) = postSolution
		SolutionGuid = {EFF64EB3-AA64-4AA0-8DF0-2F08BBDE33F5}
	EndGlobalSection
EndGlobal
